
Microsoft Visual Studio Solution File, Format Version 12.00
# Visual Studio Version 17
VisualStudioVersion = 17.14.36408.4 d17.14
MinimumVisualStudioVersion = 10.0.40219.1
Project("{FAE04EC0-301F-11D3-BF4B-00C04F79EFBC}") = "Class03.Homework.WebApiApp", "Class03.Homework.WebApiApp\Class03.Homework.WebApiApp.csproj", "{4A5A435F-1401-4C3D-82DF-A99BF37B6A24}"
EndProject
Global
	GlobalSection(SolutionConfigurationPlatforms) = preSolution
		Debug|Any CPU = Debug|Any CPU
		Release|Any CPU = Release|Any CPU
	EndGlobalSection
	GlobalSection(ProjectConfigurationPlatforms) = postSolution
		{4A5A435F-1401-4C3D-82DF-A99BF37B6A24}.Debug|Any CPU.ActiveCfg = Debug|Any CPU
		{4A5A435F-1401-4C3D-82DF-A99BF37B6A24}.Debug|Any CPU.Build.0 = Debug|Any CPU
		{4A5A435F-1401-4C3D-82DF-A99BF37B6A24}.Release|Any CPU.ActiveCfg = Release|Any CPU
		{4A5A435F-1401-4C3D-82DF-A99BF37B6A24}.Release|Any CPU.Build.0 = Release|Any CPU
	EndGlobalSection
	GlobalSection(SolutionProperties) = preSolution
		HideSolutionNode = FALSE
	EndGlobalSection
	GlobalSection(ExtensibilityGlobals) = postSolution
		SolutionGuid = {8B6F7DAA-19B7-4678-B4B1-597F2B41B12E}
	EndGlobalSection
EndGlobal
